
Microsoft Visual Studio Solution File, Format Version 12.00
# Visual Studio Version 17
VisualStudioVersion = 17.5.001.0
MinimumVisualStudioVersion = 10.0.40219.1
Project("{9A19103F-16F7-4668-BE54-9A1E7A4F7556}") = "TodoApi", "TodoApi.csproj", "{99D1ECD1-EFD7-4F6E-81FD-AB04807B6E9F}"
EndProject
Global
	GlobalSection(SolutionConfigurationPlatforms) = preSolution
		Debug|Any CPU = Debug|Any CPU
		Release|Any CPU = Release|Any CPU
	EndGlobalSection
	GlobalSection(ProjectConfigurationPlatforms) = postSolution
		{99D1ECD1-EFD7-4F6E-81FD-AB04807B6E9F}.Debug|Any CPU.ActiveCfg = Debug|Any CPU
		{99D1ECD1-EFD7-4F6E-81FD-AB04807B6E9F}.Debug|Any CPU.Build.0 = Debug|Any CPU
		{99D1ECD1-EFD7-4F6E-81FD-AB04807B6E9F}.Release|Any CPU.ActiveCfg = Release|Any CPU
		{99D1ECD1-EFD7-4F6E-81FD-AB04807B6E9F}.Release|Any CPU.Build.0 = Release|Any CPU
	EndGlobalSection
	GlobalSection(SolutionProperties) = preSolution
		HideSolutionNode = FALSE
	EndGlobalSection
	GlobalSection(ExtensibilityGlobals) = postSolution
		SolutionGuid = {0EAC7396-E88C-46A5-A4CD-ADBC7F0FC8E4}
	EndGlobalSection
EndGlobal
